#MicroXplorer Configuration settings - do not modify
Mcu.Family=STM32H7
RCC.DIVQ2Freq_Value=129000000
ProjectManager.MainLocation=Core/Src
VP_STMicroelectronics.X-CUBE-AI_VS_ArtificialOoIntelligenceJjXAaCUBEAaAI_6.0.0.Mode=ArtificialOoIntelligenceJjXAaCUBEAaAI
RCC.SAI1Freq_Value=275000000
RCC.CortexFreq_Value=550000000
STMicroelectronics.X-CUBE-AI.6.0.0.MaximumSizeOfInputLayer=AI_NETWORK_IN_1_SIZE_BYTES
ProjectManager.KeepUserCode=true
Mcu.UserName=STM32H723ZGTx
PD9.GPIOParameters=GPIO_PuPd
RCC.HPRE=RCC_HCLK_DIV2
RCC.PLLFRACN=3072
ProjectManager.functionlistsort=1-MX_GPIO_Init-GPIO-false-HAL-true,2-SystemClock_Config-RCC-false-HAL-false,3-MX_TIM16_Init-TIM16-false-HAL-true,4-MX_USART3_UART_Init-USART3-false-HAL-true
PA13(JTMS/SWDIO).Signal=DEBUG_JTMS-SWDIO
PD8.Locked=true
RCC.RTCFreq_Value=32000
RCC.PLL2FRACN=0
RCC.CpuClockFreq_Value=550000000
RCC.VCO2OutputFreq_Value=258000000
STMicroelectronics.X-CUBE-AI.6.0.0.StackSize=0x1000
PD8.GPIO_PuPd=GPIO_PULLUP
PD9.Mode=Asynchronous
PinOutPanel.RotationAngle=0
RCC.MCO1PinFreq_Value=64000000
RCC.SYSCLKSource=RCC_SYSCLKSOURCE_PLLCLK
ProjectManager.StackSize=0x1000
RCC.AHB4Freq_Value=275000000
RCC.VCOInput3Freq_Value=2000000
PA13(JTMS/SWDIO).Mode=Trace_Asynchronous_SW
USART3.VirtualMode-Asynchronous=VM_ASYNC
RCC.LPTIM1Freq_Value=137500000
Mcu.IP4=RCC
Mcu.IP5=SYS
Mcu.IP2=DEBUG
NVIC.SVCall_IRQn=true\:0\:0\:false\:false\:true\:false\:false
Mcu.IP3=NVIC
Mcu.IP0=CORTEX_M7
Mcu.IP1=CRC
Mcu.UserConstants=
RCC.DIVP3Freq_Value=129000000
RCC.SDMMCFreq_Value=275000000
Mcu.ThirdPartyNb=1
STMicroelectronics.X-CUBE-AI.6.0.0_SwParameter=XAaCUBEAaAICcArtificialOoIntelligenceJjCore\:true;
RCC.HCLKFreq_Value=275000000
RCC.I2C4Freq_Value=137500000
Mcu.IPNb=8
ProjectManager.PreviousToolchain=
RCC.SPDIFRXFreq_Value=275000000
RCC.DIVQ3Freq_Value=129000000
PD8.GPIOParameters=GPIO_PuPd
Mcu.Pin6=VP_SYS_VS_Systick
Mcu.Pin7=VP_TIM16_VS_ClockSourceINT
PD8.Signal=USART3_TX
Mcu.Pin8=VP_STMicroelectronics.X-CUBE-AI_VS_ArtificialOoIntelligenceJjXAaCUBEAaAI_6.0.0
Mcu.Pin0=PD8
Mcu.Pin1=PD9
Mcu.Pin2=PA13(JTMS/SWDIO)
Mcu.Pin3=PA14(JTCK/SWCLK)
Mcu.Pin4=PB3(JTDO/TRACESWO)
Mcu.Pin5=VP_CRC_VS_CRC
ProjectManager.ProjectBuild=false
RCC.DIVR3Freq_Value=129000000
NVIC.UsageFault_IRQn=true\:0\:0\:false\:false\:true\:false\:false
STMicroelectronics.X-CUBE-AI.6.0.0.ValidationOutputFileHistory-fac04a559c7054718c772c1dc327b7a59bfa8e54a812d5f77925cb5d94029b6d=
NVIC.DebugMonitor_IRQn=true\:0\:0\:false\:false\:true\:false\:false
RCC.DIVM1=4
NVIC.SysTick_IRQn=true\:0\:0\:false\:false\:true\:false\:true
ProjectManager.FirmwarePackage=STM32Cube FW_H7 V1.9.0
MxDb.Version=DB.6.0.21
Mcu.ThirdParty0=STMicroelectronics.X-CUBE-AI.6.0.0
RCC.DIVP1Freq_Value=550000000
ProjectManager.BackupPrevious=false
RCC.FMCFreq_Value=275000000
STMicroelectronics.X-CUBE-AI.6.0.0.XAaCUBEAaAICcArtificialOoIntelligenceJjCore=true
PB3(JTDO/TRACESWO).Signal=DEBUG_JTDO-SWO
RCC.USART16Freq_Value=137500000
File.Version=6
STMicroelectronics.X-CUBE-AI.6.0.0.ModelActualCompression-fac04a559c7054718c772c1dc327b7a59bfa8e54a812d5f77925cb5d94029b6d=0.0
STMicroelectronics.X-CUBE-AI.6.0.0.ModelName-fac04a559c7054718c772c1dc327b7a59bfa8e54a812d5f77925cb5d94029b6d=network
NVIC.PendSV_IRQn=true\:0\:0\:false\:false\:true\:false\:false
RCC.DIVR2Freq_Value=129000000
ProjectManager.HalAssertFull=false
RCC.DIVP2Freq_Value=129000000
ProjectManager.ProjectName=cortex-m7-550
RCC.APB3Freq_Value=137500000
RCC.MCO2PinFreq_Value=550000000
Mcu.Package=LQFP144
RCC.PLL3FRACN=0
RCC.D1PPRE=RCC_APB3_DIV2
STMicroelectronics.X-CUBE-AI.6.0.0.ModelFlashOccupation-fac04a559c7054718c772c1dc327b7a59bfa8e54a812d5f77925cb5d94029b6d=48300
PB3(JTDO/TRACESWO).Mode=Trace_Asynchronous_SW
ProjectManager.ToolChainLocation=
VP_SYS_VS_Systick.Signal=SYS_VS_Systick
USART3.IPParameters=VirtualMode-Asynchronous
RCC.DIVR1Freq_Value=275000000
RCC.DFSDMFreq_Value=137500000
STMicroelectronics.X-CUBE-AI.6.0.0.ValidationInputFileHistory-fac04a559c7054718c772c1dc327b7a59bfa8e54a812d5f77925cb5d94029b6d=
RCC.TraceFreq_Value=275000000
RCC.APB4Freq_Value=137500000
RCC.CECFreq_Value=32000
TIM16.AutoReloadPreload=TIM_AUTORELOAD_PRELOAD_ENABLE
NVIC.BusFault_IRQn=true\:0\:0\:false\:false\:true\:false\:false
RCC.LPUART1Freq_Value=137500000
TIM16.Prescaler=27500-1
PD9.GPIO_PuPd=GPIO_PULLUP
ProjectManager.CustomerFirmwarePackage=
RCC.Tim2OutputFreq_Value=275000000
RCC.DFSDMACLkFreq_Value=275000000
RCC.VCO3OutputFreq_Value=258000000
VP_STMicroelectronics.X-CUBE-AI_VS_ArtificialOoIntelligenceJjXAaCUBEAaAI_6.0.0.Signal=STMicroelectronics.X-CUBE-AI_VS_ArtificialOoIntelligenceJjXAaCUBEAaAI_6.0.0
ProjectManager.ProjectFileName=cortex-m7-550.ioc
CORTEX_M7.CPU_ICache=Enabled
Mcu.PinsNb=9
ProjectManager.NoMain=false
RCC.SWPMI1Freq_Value=137500000
RCC.SAI4BFreq_Value=275000000
STMicroelectronics.X-CUBE-AI.6.0.0.MaximumSizeOfOutputLayer=AI_NETWORK_OUT_1_SIZE_BYTES
RCC.D2PPRE2=RCC_APB2_DIV2
RCC.D2PPRE1=RCC_APB1_DIV2
ProjectManager.DefaultFWLocation=true
PD9.Signal=USART3_RX
VP_TIM16_VS_ClockSourceINT.Mode=Enable_Timer
RCC.DIVP1=1
NVIC.TIM16_IRQn=true\:0\:0\:false\:false\:true\:true\:true
ProjectManager.DeletePrevious=true
RCC.QSPIFreq_Value=275000000
RCC.FamilyName=M
STMicroelectronics.X-CUBE-AI.6.0.0.ModelRamOccupation-fac04a559c7054718c772c1dc327b7a59bfa8e54a812d5f77925cb5d94029b6d=1924
RCC.SPI6Freq_Value=137500000
RCC.D1CPREFreq_Value=550000000
RCC.USART234578Freq_Value=137500000
STMicroelectronics.X-CUBE-AI.6.0.0.ModelHashList=fac04a559c7054718c772c1dc327b7a59bfa8e54a812d5f77925cb5d94029b6d
RCC.Tim1OutputFreq_Value=275000000
RCC.SPI45Freq_Value=137500000
RCC.SPI123Freq_Value=275000000
STMicroelectronics.X-CUBE-AI.6.0.0.IPParameters=XAaCUBEAaAICcArtificialOoIntelligenceJjCore,HeapSize,StackSize,ModelName-fac04a559c7054718c772c1dc327b7a59bfa8e54a812d5f77925cb5d94029b6d,ModelType-fac04a559c7054718c772c1dc327b7a59bfa8e54a812d5f77925cb5d94029b6d,ModelKind-fac04a559c7054718c772c1dc327b7a59bfa8e54a812d5f77925cb5d94029b6d,ModelHashList,ModelNameList,WorkingBufferStartAddrList,LatestDirectoryUsed-fac04a559c7054718c772c1dc327b7a59bfa8e54a812d5f77925cb5d94029b6d,ModelStructureFile-fac04a559c7054718c772c1dc327b7a59bfa8e54a812d5f77925cb5d94029b6d,ModelMacc-fac04a559c7054718c772c1dc327b7a59bfa8e54a812d5f77925cb5d94029b6d,ModelActualCompression-fac04a559c7054718c772c1dc327b7a59bfa8e54a812d5f77925cb5d94029b6d,ModelFlashOccupation-fac04a559c7054718c772c1dc327b7a59bfa8e54a812d5f77925cb5d94029b6d,ModelRamOccupation-fac04a559c7054718c772c1dc327b7a59bfa8e54a812d5f77925cb5d94029b6d,ModelCompression-fac04a559c7054718c772c1dc327b7a59bfa8e54a812d5f77925cb5d94029b6d,ValidationInputFileHistory-fac04a559c7054718c772c1dc327b7a59bfa8e54a812d5f77925cb5d94029b6d,ValidationOutputFileHistory-fac04a559c7054718c772c1dc327b7a59bfa8e54a812d5f77925cb5d94029b6d,InternalRamActivationBufferMaxSize,ActivationBufferSizeList,MaximumNumberOfInputLayer,MaximumNumberOfOutputLayer,MaximumSizeOfInputLayer,MaximumSizeOfOutputLayer
ProjectManager.TargetToolchain=STM32CubeIDE
STMicroelectronics.X-CUBE-AI.6.0.0.InternalRamActivationBufferMaxSize=AI_NETWORK_DATA_ACTIVATIONS_SIZE
RCC.VCO1OutputFreq_Value=550000000
VP_CRC_VS_CRC.Signal=CRC_VS_CRC
RCC.AXIClockFreq_Value=275000000
RCC.DIVN1=34
STMicroelectronics.X-CUBE-AI.6.0.0.WorkingBufferStartAddrList=0xFFFFFFFF
STMicroelectronics.X-CUBE-AI.6.0.0.ModelNameList=network
ProjectManager.RegisterCallBack=
RCC.USBFreq_Value=275000000
STMicroelectronics.X-CUBE-AI.6.0.0.MaximumNumberOfOutputLayer=1
PD8.Mode=Asynchronous
RCC.CKPERFreq_Value=64000000
STMicroelectronics.X-CUBE-AI.6.0.0.ModelType-fac04a559c7054718c772c1dc327b7a59bfa8e54a812d5f77925cb5d94029b6d=Saved model
STMicroelectronics.X-CUBE-AI.6.0.0.ModelStructureFile-fac04a559c7054718c772c1dc327b7a59bfa8e54a812d5f77925cb5d94029b6d=/Users/dominikpiorkowski/Desktop/drive/projekty/ML models/human_activity_recognition/human_activity_recognition.h5
STMicroelectronics.X-CUBE-AI.6.0.0.ArtificialOoIntelligenceJjXAaCUBEAaAI_Checked=true
board=custom
ProjectManager.LastFirmware=true
RCC.VCOInput1Freq_Value=16000000
TIM16.Period=10000-1
RCC.APB2Freq_Value=137500000
RCC.AHB12Freq_Value=275000000
MxCube.Version=6.2.1
RCC.FDCANFreq_Value=275000000
RCC.RNGFreq_Value=48000000
RCC.ADCFreq_Value=129000000
VP_SYS_VS_Systick.Mode=SysTick
VP_TIM16_VS_ClockSourceINT.Signal=TIM16_VS_ClockSourceINT
NVIC.NonMaskableInt_IRQn=true\:0\:0\:false\:false\:true\:false\:false
PA14(JTCK/SWCLK).Mode=Trace_Asynchronous_SW
ProjectManager.FreePins=false
RCC.IPParameters=ADCFreq_Value,AHB12Freq_Value,AHB4Freq_Value,APB1Freq_Value,APB2Freq_Value,APB3Freq_Value,APB4Freq_Value,AXIClockFreq_Value,CECFreq_Value,CKPERFreq_Value,CortexFreq_Value,CpuClockFreq_Value,D1CPREFreq_Value,D1PPRE,D2PPRE1,D2PPRE2,D3PPRE,DFSDMACLkFreq_Value,DFSDMFreq_Value,DIVM1,DIVN1,DIVP1,DIVP1Freq_Value,DIVP2Freq_Value,DIVP3Freq_Value,DIVQ1Freq_Value,DIVQ2Freq_Value,DIVQ3Freq_Value,DIVR1Freq_Value,DIVR2Freq_Value,DIVR3Freq_Value,FDCANFreq_Value,FMCFreq_Value,FamilyName,HCLK3ClockFreq_Value,HCLKFreq_Value,HPRE,I2C123Freq_Value,I2C4Freq_Value,LPTIM1Freq_Value,LPTIM2Freq_Value,LPTIM345Freq_Value,LPUART1Freq_Value,LTDCFreq_Value,MCO1PinFreq_Value,MCO2PinFreq_Value,PLL2FRACN,PLL3FRACN,PLLFRACN,QSPIFreq_Value,RNGFreq_Value,RTCFreq_Value,SAI1Freq_Value,SAI4AFreq_Value,SAI4BFreq_Value,SDMMCFreq_Value,SPDIFRXFreq_Value,SPI123Freq_Value,SPI45Freq_Value,SPI6Freq_Value,SWPMI1Freq_Value,SYSCLKFreq_VALUE,SYSCLKSource,Tim1OutputFreq_Value,Tim2OutputFreq_Value,TraceFreq_Value,USART16Freq_Value,USART234578Freq_Value,USBFreq_Value,VCO1OutputFreq_Value,VCO2OutputFreq_Value,VCO3OutputFreq_Value,VCOInput1Freq_Value,VCOInput2Freq_Value,VCOInput3Freq_Value
STMicroelectronics.X-CUBE-AI.6.0.0.ModelMacc-fac04a559c7054718c772c1dc327b7a59bfa8e54a812d5f77925cb5d94029b6d=24120
ProjectManager.AskForMigrate=true
Mcu.Name=STM32H723ZGTx
RCC.LPTIM2Freq_Value=137500000
ProjectManager.UnderRoot=true
CORTEX_M7.IPParameters=CPU_ICache,CPU_DCache
Mcu.IP6=TIM16
Mcu.IP7=USART3
ProjectManager.CoupleFile=true
RCC.SYSCLKFreq_VALUE=550000000
RCC.I2C123Freq_Value=137500000
NVIC.ForceEnableDMAVector=true
KeepUserPlacement=false
STMicroelectronics.X-CUBE-AI.6.0.0.LatestDirectoryUsed-fac04a559c7054718c772c1dc327b7a59bfa8e54a812d5f77925cb5d94029b6d=/Users/dominikpiorkowski/Desktop/drive/projekty/ML models/human_activity_recognition
NVIC.MemoryManagement_IRQn=true\:0\:0\:false\:false\:true\:false\:false
ProjectManager.CompilerOptimize=6
STMicroelectronics.X-CUBE-AI.6.0.0.ModelCompression-fac04a559c7054718c772c1dc327b7a59bfa8e54a812d5f77925cb5d94029b6d=1
STMicroelectronics.X-CUBE-AI.6.0.0.MaximumNumberOfInputLayer=1
ProjectManager.HeapSize=0x200
NVIC.HardFault_IRQn=true\:0\:0\:false\:false\:true\:false\:false
STMicroelectronics.X-CUBE-AI.6.0.0.HeapSize=0x200
RCC.LPTIM345Freq_Value=137500000
ProjectManager.ComputerToolchain=false
RCC.LTDCFreq_Value=129000000
RCC.SAI4AFreq_Value=275000000
NVIC.PriorityGroup=NVIC_PRIORITYGROUP_4
RCC.DIVQ1Freq_Value=275000000
RCC.D3PPRE=RCC_APB4_DIV2
PA14(JTCK/SWCLK).Signal=DEBUG_JTCK-SWCLK
CORTEX_M7.CPU_DCache=Enabled
TIM16.IPParameters=Prescaler,Period,AutoReloadPreload
RCC.HCLK3ClockFreq_Value=275000000
RCC.VCOInput2Freq_Value=2000000
PD9.Locked=true
RCC.APB1Freq_Value=137500000
VP_CRC_VS_CRC.Mode=CRC_Activate
STMicroelectronics.X-CUBE-AI.6.0.0.ActivationBufferSizeList=1924
ProjectManager.DeviceId=STM32H723ZGTx
ProjectManager.LibraryCopy=1
STMicroelectronics.X-CUBE-AI.6.0.0.ModelKind-fac04a559c7054718c772c1dc327b7a59bfa8e54a812d5f77925cb5d94029b6d=KERAS
isbadioc=false
